// !$*UTF8*$!
{
	archiveVersion = 1;
	classes = {
	};
	objectVersion = 50;
	objects = {

/* Begin PBXBuildFile section */
		3B0A6EBE210EF3D600AC357C /* JKUserSetViewController.swift in Sources */ = {isa = PBXBuildFile; fileRef = 3B0A6EBC210EF3D600AC357C /* JKUserSetViewController.swift */; };
		3B0A6EBF210EF3D600AC357C /* JKUserSetViewController.xib in Resources */ = {isa = PBXBuildFile; fileRef = 3B0A6EBD210EF3D600AC357C /* JKUserSetViewController.xib */; };
		3B0A6EC2210F009600AC357C /* swift-pch.swift in Sources */ = {isa = PBXBuildFile; fileRef = 3B0A6EC1210F009600AC357C /* swift-pch.swift */; };
		3B0A6EC5210F049200AC357C /* JKNavigationViewController.swift in Sources */ = {isa = PBXBuildFile; fileRef = 3B0A6EC4210F049200AC357C /* JKNavigationViewController.swift */; };
		3B46DFF3210EB76600DA4023 /* AppDelegate.swift in Sources */ = {isa = PBXBuildFile; fileRef = 3B46DFF2210EB76600DA4023 /* AppDelegate.swift */; };
		3B46DFFA210EB76C00DA4023 /* Assets.xcassets in Resources */ = {isa = PBXBuildFile; fileRef = 3B46DFF9210EB76C00DA4023 /* Assets.xcassets */; };
		3BB571082110663900415350 /* JKUserInfo.swift in Sources */ = {isa = PBXBuildFile; fileRef = 3BB571072110663900415350 /* JKUserInfo.swift */; };
		3BBBB56921140AE10088AB10 /* JKFriendsTableViewController.swift in Sources */ = {isa = PBXBuildFile; fileRef = 3BBBB56821140AE10088AB10 /* JKFriendsTableViewController.swift */; };
		3BBBB56B211423E90088AB10 /* friendData.plist in Resources */ = {isa = PBXBuildFile; fileRef = 3BBBB56A211423E90088AB10 /* friendData.plist */; };
		3BBBB57221142F940088AB10 /* JKFriendHeaderView.swift in Sources */ = {isa = PBXBuildFile; fileRef = 3BBBB57121142F940088AB10 /* JKFriendHeaderView.swift */; };
		3BBBB57421142FA80088AB10 /* JKFriendHeaderView.xib in Resources */ = {isa = PBXBuildFile; fileRef = 3BBBB57321142FA80088AB10 /* JKFriendHeaderView.xib */; };
		3BBBB5762114369B0088AB10 /* JKNavigationView.swift in Sources */ = {isa = PBXBuildFile; fileRef = 3BBBB5752114369B0088AB10 /* JKNavigationView.swift */; };
		3BBBB578211436AA0088AB10 /* JKNavigationView.xib in Resources */ = {isa = PBXBuildFile; fileRef = 3BBBB577211436AA0088AB10 /* JKNavigationView.xib */; };
		3BBBB57B211447460088AB10 /* JKFriendsTableViewCell.swift in Sources */ = {isa = PBXBuildFile; fileRef = 3BBBB579211447460088AB10 /* JKFriendsTableViewCell.swift */; };
		3BBBB57C211447460088AB10 /* JKFriendsTableViewCell.xib in Resources */ = {isa = PBXBuildFile; fileRef = 3BBBB57A211447460088AB10 /* JKFriendsTableViewCell.xib */; };
		3BBBB57F211447780088AB10 /* JKFriendsListMode.swift in Sources */ = {isa = PBXBuildFile; fileRef = 3BBBB57E211447780088AB10 /* JKFriendsListMode.swift */; };
		3BBBB582211447970088AB10 /* JKFriendsViewMode.swift in Sources */ = {isa = PBXBuildFile; fileRef = 3BBBB581211447970088AB10 /* JKFriendsViewMode.swift */; };
		3BCA3A7B2111477300ABA286 /* JKHomeViewController.swift in Sources */ = {isa = PBXBuildFile; fileRef = 3BCA3A7A2111477300ABA286 /* JKHomeViewController.swift */; };
		3BCA3A8321117F6D00ABA286 /* homeData.plist in Resources */ = {isa = PBXBuildFile; fileRef = 3BCA3A8221117F6D00ABA286 /* homeData.plist */; };
		3BCA3A8721118E1700ABA286 /* JKHomeTableViewCell.swift in Sources */ = {isa = PBXBuildFile; fileRef = 3BCA3A8521118E1700ABA286 /* JKHomeTableViewCell.swift */; };
		3BCA3A8821118E1700ABA286 /* JKHomeTableViewCell.xib in Resources */ = {isa = PBXBuildFile; fileRef = 3BCA3A8621118E1700ABA286 /* JKHomeTableViewCell.xib */; };
		3BCA3A8A2111A74600ABA286 /* JKBooKViewController.swift in Sources */ = {isa = PBXBuildFile; fileRef = 3BCA3A892111A74600ABA286 /* JKBooKViewController.swift */; };
		3BF4B60D2112B3F1006ADFF3 /* JKBookTableViewCell.swift in Sources */ = {isa = PBXBuildFile; fileRef = 3BF4B60B2112B3F1006ADFF3 /* JKBookTableViewCell.swift */; };
		3BF4B60E2112B3F1006ADFF3 /* JKBookTableViewCell.xib in Resources */ = {isa = PBXBuildFile; fileRef = 3BF4B60C2112B3F1006ADFF3 /* JKBookTableViewCell.xib */; };
		3BF4B6132112D407006ADFF3 /* JKMeViewController.swift in Sources */ = {isa = PBXBuildFile; fileRef = 3BF4B6112112D407006ADFF3 /* JKMeViewController.swift */; };
		3BF4B6172112D420006ADFF3 /* JKFoundViewController.swift in Sources */ = {isa = PBXBuildFile; fileRef = 3BF4B6152112D420006ADFF3 /* JKFoundViewController.swift */; };
		3BF4B61F2112F346006ADFF3 /* JKMeHeaderTableViewCell.swift in Sources */ = {isa = PBXBuildFile; fileRef = 3BF4B61D2112F346006ADFF3 /* JKMeHeaderTableViewCell.swift */; };
		3BF4B6202112F346006ADFF3 /* JKMeHeaderTableViewCell.xib in Resources */ = {isa = PBXBuildFile; fileRef = 3BF4B61E2112F346006ADFF3 /* JKMeHeaderTableViewCell.xib */; };
		BF354153268169FCCEFE0999 /* Pods_WeChatPraise.framework in Frameworks */ = {isa = PBXBuildFile; fileRef = D3A736F7936A95D79D5CCB96 /* Pods_WeChatPraise.framework */; };
/* End PBXBuildFile section */

/* Begin PBXFileReference section */
		3B0A6EBC210EF3D600AC357C /* JKUserSetViewController.swift */ = {isa = PBXFileReference; lastKnownFileType = sourcecode.swift; path = JKUserSetViewController.swift; sourceTree = "<group>"; };
		3B0A6EBD210EF3D600AC357C /* JKUserSetViewController.xib */ = {isa = PBXFileReference; lastKnownFileType = file.xib; path = JKUserSetViewController.xib; sourceTree = "<group>"; };
		3B0A6EC1210F009600AC357C /* swift-pch.swift */ = {isa = PBXFileReference; lastKnownFileType = sourcecode.swift; path = "swift-pch.swift"; sourceTree = "<group>"; };
		3B0A6EC4210F049200AC357C /* JKNavigationViewController.swift */ = {isa = PBXFileReference; lastKnownFileType = sourcecode.swift; path = JKNavigationViewController.swift; sourceTree = "<group>"; };
		3B46DFEF210EB76600DA4023 /* WeChatPraise.app */ = {isa = PBXFileReference; explicitFileType = wrapper.application; includeInIndex = 0; path = WeChatPraise.app; sourceTree = BUILT_PRODUCTS_DIR; };
		3B46DFF2210EB76600DA4023 /* AppDelegate.swift */ = {isa = PBXFileReference; lastKnownFileType = sourcecode.swift; path = AppDelegate.swift; sourceTree = "<group>"; };
		3B46DFF9210EB76C00DA4023 /* Assets.xcassets */ = {isa = PBXFileReference; lastKnownFileType = folder.assetcatalog; path = Assets.xcassets; sourceTree = "<group>"; };
		3B46DFFE210EB76C00DA4023 /* Info.plist */ = {isa = PBXFileReference; lastKnownFileType = text.plist.xml; path = Info.plist; sourceTree = "<group>"; };
		3BB571072110663900415350 /* JKUserInfo.swift */ = {isa = PBXFileReference; lastKnownFileType = sourcecode.swift; path = JKUserInfo.swift; sourceTree = "<group>"; };
		3BBBB56821140AE10088AB10 /* JKFriendsTableViewController.swift */ = {isa = PBXFileReference; lastKnownFileType = sourcecode.swift; path = JKFriendsTableViewController.swift; sourceTree = "<group>"; };
		3BBBB56A211423E90088AB10 /* friendData.plist */ = {isa = PBXFileReference; lastKnownFileType = text.plist.xml; path = friendData.plist; sourceTree = "<group>"; };
		3BBBB57121142F940088AB10 /* JKFriendHeaderView.swift */ = {isa = PBXFileReference; lastKnownFileType = sourcecode.swift; path = JKFriendHeaderView.swift; sourceTree = "<group>"; };
		3BBBB57321142FA80088AB10 /* JKFriendHeaderView.xib */ = {isa = PBXFileReference; lastKnownFileType = file.xib; path = JKFriendHeaderView.xib; sourceTree = "<group>"; };
		3BBBB5752114369B0088AB10 /* JKNavigationView.swift */ = {isa = PBXFileReference; lastKnownFileType = sourcecode.swift; path = JKNavigationView.swift; sourceTree = "<group>"; };
		3BBBB577211436AA0088AB10 /* JKNavigationView.xib */ = {isa = PBXFileReference; lastKnownFileType = file.xib; path = JKNavigationView.xib; sourceTree = "<group>"; };
		3BBBB579211447460088AB10 /* JKFriendsTableViewCell.swift */ = {isa = PBXFileReference; lastKnownFileType = sourcecode.swift; path = JKFriendsTableViewCell.swift; sourceTree = "<group>"; };
		3BBBB57A211447460088AB10 /* JKFriendsTableViewCell.xib */ = {isa = PBXFileReference; lastKnownFileType = file.xib; path = JKFriendsTableViewCell.xib; sourceTree = "<group>"; };
		3BBBB57E211447780088AB10 /* JKFriendsListMode.swift */ = {isa = PBXFileReference; lastKnownFileType = sourcecode.swift; path = JKFriendsListMode.swift; sourceTree = "<group>"; };
		3BBBB581211447970088AB10 /* JKFriendsViewMode.swift */ = {isa = PBXFileReference; lastKnownFileType = sourcecode.swift; path = JKFriendsViewMode.swift; sourceTree = "<group>"; };
		3BCA3A7A2111477300ABA286 /* JKHomeViewController.swift */ = {isa = PBXFileReference; lastKnownFileType = sourcecode.swift; path = JKHomeViewController.swift; sourceTree = "<group>"; };
		3BCA3A8221117F6D00ABA286 /* homeData.plist */ = {isa = PBXFileReference; lastKnownFileType = text.plist.xml; path = homeData.plist; sourceTree = "<group>"; };
		3BCA3A8521118E1700ABA286 /* JKHomeTableViewCell.swift */ = {isa = PBXFileReference; lastKnownFileType = sourcecode.swift; path = JKHomeTableViewCell.swift; sourceTree = "<group>"; };
		3BCA3A8621118E1700ABA286 /* JKHomeTableViewCell.xib */ = {isa = PBXFileReference; lastKnownFileType = file.xib; path = JKHomeTableViewCell.xib; sourceTree = "<group>"; };
		3BCA3A892111A74600ABA286 /* JKBooKViewController.swift */ = {isa = PBXFileReference; lastKnownFileType = sourcecode.swift; path = JKBooKViewController.swift; sourceTree = "<group>"; };
		3BF4B60B2112B3F1006ADFF3 /* JKBookTableViewCell.swift */ = {isa = PBXFileReference; lastKnownFileType = sourcecode.swift; path = JKBookTableViewCell.swift; sourceTree = "<group>"; };
		3BF4B60C2112B3F1006ADFF3 /* JKBookTableViewCell.xib */ = {isa = PBXFileReference; lastKnownFileType = file.xib; path = JKBookTableViewCell.xib; sourceTree = "<group>"; };
		3BF4B6112112D407006ADFF3 /* JKMeViewController.swift */ = {isa = PBXFileReference; lastKnownFileType = sourcecode.swift; path = JKMeViewController.swift; sourceTree = "<group>"; };
		3BF4B6152112D420006ADFF3 /* JKFoundViewController.swift */ = {isa = PBXFileReference; lastKnownFileType = sourcecode.swift; path = JKFoundViewController.swift; sourceTree = "<group>"; };
		3BF4B61D2112F346006ADFF3 /* JKMeHeaderTableViewCell.swift */ = {isa = PBXFileReference; lastKnownFileType = sourcecode.swift; path = JKMeHeaderTableViewCell.swift; sourceTree = "<group>"; };
		3BF4B61E2112F346006ADFF3 /* JKMeHeaderTableViewCell.xib */ = {isa = PBXFileReference; lastKnownFileType = file.xib; path = JKMeHeaderTableViewCell.xib; sourceTree = "<group>"; };
		6DA44D37E55AD759A86A4C96 /* Pods-WeChatPraise.release.xcconfig */ = {isa = PBXFileReference; includeInIndex = 1; lastKnownFileType = text.xcconfig; name = "Pods-WeChatPraise.release.xcconfig"; path = "Pods/Target Support Files/Pods-WeChatPraise/Pods-WeChatPraise.release.xcconfig"; sourceTree = "<group>"; };
		D2278F0B7B7C7E749A9ACF16 /* Pods-WeChatPraise.debug.xcconfig */ = {isa = PBXFileReference; includeInIndex = 1; lastKnownFileType = text.xcconfig; name = "Pods-WeChatPraise.debug.xcconfig"; path = "Pods/Target Support Files/Pods-WeChatPraise/Pods-WeChatPraise.debug.xcconfig"; sourceTree = "<group>"; };
		D3A736F7936A95D79D5CCB96 /* Pods_WeChatPraise.framework */ = {isa = PBXFileReference; explicitFileType = wrapper.framework; includeInIndex = 0; path = Pods_WeChatPraise.framework; sourceTree = BUILT_PRODUCTS_DIR; };
/* End PBXFileReference section */

/* Begin PBXFrameworksBuildPhase section */
		3B46DFEC210EB76600DA4023 /* Frameworks */ = {
			isa = PBXFrameworksBuildPhase;
			buildActionMask = 2147483647;
			files = (
				BF354153268169FCCEFE0999 /* Pods_WeChatPraise.framework in Frameworks */,
			);
			runOnlyForDeploymentPostprocessing = 0;
		};
/* End PBXFrameworksBuildPhase section */

/* Begin PBXGroup section */
		3B0A6EBB210EF39A00AC357C /* 信息修改登记 */ = {
			isa = PBXGroup;
			children = (
				3B0A6EBC210EF3D600AC357C /* JKUserSetViewController.swift */,
				3B0A6EBD210EF3D600AC357C /* JKUserSetViewController.xib */,
				3BB571072110663900415350 /* JKUserInfo.swift */,
			);
			path = "信息修改登记";
			sourceTree = "<group>";
		};
		3B0A6EC3210F044E00AC357C /* tool */ = {
			isa = PBXGroup;
			children = (
				3B0A6EC4210F049200AC357C /* JKNavigationViewController.swift */,
			);
			path = tool;
			sourceTree = "<group>";
		};
		3B46DFE6210EB76600DA4023 = {
			isa = PBXGroup;
			children = (
				3B46DFF1210EB76600DA4023 /* WeChatPraise */,
				3B46DFF0210EB76600DA4023 /* Products */,
				738A057B53B689791CC45E98 /* Pods */,
				6C130A2783A4904B98D71510 /* Frameworks */,
			);
			sourceTree = "<group>";
		};
		3B46DFF0210EB76600DA4023 /* Products */ = {
			isa = PBXGroup;
			children = (
				3B46DFEF210EB76600DA4023 /* WeChatPraise.app */,
			);
			name = Products;
			sourceTree = "<group>";
		};
		3B46DFF1210EB76600DA4023 /* WeChatPraise */ = {
			isa = PBXGroup;
			children = (
				3BCA3A772111472300ABA286 /* class */,
				3B0A6EC3210F044E00AC357C /* tool */,
				3B0A6EBB210EF39A00AC357C /* 信息修改登记 */,
				3B46DFF2210EB76600DA4023 /* AppDelegate.swift */,
				3B46DFF9210EB76C00DA4023 /* Assets.xcassets */,
				3B0A6EC1210F009600AC357C /* swift-pch.swift */,
				3B46DFFE210EB76C00DA4023 /* Info.plist */,
				3BCA3A8221117F6D00ABA286 /* homeData.plist */,
				3BBBB56A211423E90088AB10 /* friendData.plist */,
			);
			path = WeChatPraise;
			sourceTree = "<group>";
		};
		3BBBB56C211427110088AB10 /* view */ = {
			isa = PBXGroup;
			children = (
				3BBBB57121142F940088AB10 /* JKFriendHeaderView.swift */,
				3BBBB57321142FA80088AB10 /* JKFriendHeaderView.xib */,
				3BBBB5752114369B0088AB10 /* JKNavigationView.swift */,
				3BBBB577211436AA0088AB10 /* JKNavigationView.xib */,
			);
			path = view;
			sourceTree = "<group>";
		};
		3BBBB57D2114475E0088AB10 /* mode */ = {
			isa = PBXGroup;
			children = (
				3BBBB57E211447780088AB10 /* JKFriendsListMode.swift */,
			);
			path = mode;
			sourceTree = "<group>";
		};
		3BBBB580211447860088AB10 /* viewMode */ = {
			isa = PBXGroup;
			children = (
				3BBBB581211447970088AB10 /* JKFriendsViewMode.swift */,
			);
			path = viewMode;
			sourceTree = "<group>";
		};
		3BCA3A772111472300ABA286 /* class */ = {
			isa = PBXGroup;
			children = (
				3BBBB580211447860088AB10 /* viewMode */,
				3BBBB57D2114475E0088AB10 /* mode */,
				3BCA3A792111475B00ABA286 /* views */,
				3BCA3A782111474900ABA286 /* controller */,
			);
			path = class;
			sourceTree = "<group>";
		};
		3BCA3A782111474900ABA286 /* controller */ = {
			isa = PBXGroup;
			children = (
				3BCA3A7A2111477300ABA286 /* JKHomeViewController.swift */,
				3BCA3A892111A74600ABA286 /* JKBooKViewController.swift */,
				3BF4B6152112D420006ADFF3 /* JKFoundViewController.swift */,
				3BF4B6112112D407006ADFF3 /* JKMeViewController.swift */,
				3BBBB56821140AE10088AB10 /* JKFriendsTableViewController.swift */,
			);
			path = controller;
			sourceTree = "<group>";
		};
		3BCA3A792111475B00ABA286 /* views */ = {
			isa = PBXGroup;
			children = (
				3BBBB56C211427110088AB10 /* view */,
				3BCA3A8421118DFF00ABA286 /* cell */,
			);
			path = views;
			sourceTree = "<group>";
		};
		3BCA3A8421118DFF00ABA286 /* cell */ = {
			isa = PBXGroup;
			children = (
				3BCA3A8521118E1700ABA286 /* JKHomeTableViewCell.swift */,
				3BCA3A8621118E1700ABA286 /* JKHomeTableViewCell.xib */,
				3BF4B60B2112B3F1006ADFF3 /* JKBookTableViewCell.swift */,
				3BF4B60C2112B3F1006ADFF3 /* JKBookTableViewCell.xib */,
				3BF4B61D2112F346006ADFF3 /* JKMeHeaderTableViewCell.swift */,
				3BF4B61E2112F346006ADFF3 /* JKMeHeaderTableViewCell.xib */,
				3BBBB579211447460088AB10 /* JKFriendsTableViewCell.swift */,
				3BBBB57A211447460088AB10 /* JKFriendsTableViewCell.xib */,
			);
			path = cell;
			sourceTree = "<group>";
		};
		6C130A2783A4904B98D71510 /* Frameworks */ = {
			isa = PBXGroup;
			children = (
				D3A736F7936A95D79D5CCB96 /* Pods_WeChatPraise.framework */,
			);
			name = Frameworks;
			sourceTree = "<group>";
		};
		738A057B53B689791CC45E98 /* Pods */ = {
			isa = PBXGroup;
			children = (
				D2278F0B7B7C7E749A9ACF16 /* Pods-WeChatPraise.debug.xcconfig */,
				6DA44D37E55AD759A86A4C96 /* Pods-WeChatPraise.release.xcconfig */,
			);
			name = Pods;
			sourceTree = "<group>";
		};
/* End PBXGroup section */

/* Begin PBXNativeTarget section */
		3B46DFEE210EB76600DA4023 /* WeChatPraise */ = {
			isa = PBXNativeTarget;
			buildConfigurationList = 3B46E001210EB76C00DA4023 /* Build configuration list for PBXNativeTarget "WeChatPraise" */;
			buildPhases = (
				246FE4150D010776B2E95F33 /* [CP] Check Pods Manifest.lock */,
				3B46DFEB210EB76600DA4023 /* Sources */,
				3B46DFEC210EB76600DA4023 /* Frameworks */,
				3B46DFED210EB76600DA4023 /* Resources */,
				F016897416D9E5A674594247 /* [CP] Embed Pods Frameworks */,
			);
			buildRules = (
			);
			dependencies = (
			);
			name = WeChatPraise;
			productName = WeChatPraise;
			productReference = 3B46DFEF210EB76600DA4023 /* WeChatPraise.app */;
			productType = "com.apple.product-type.application";
		};
/* End PBXNativeTarget section */

/* Begin PBXProject section */
		3B46DFE7210EB76600DA4023 /* Project object */ = {
			isa = PBXProject;
			attributes = {
				LastSwiftUpdateCheck = 0940;
				LastUpgradeCheck = 0940;
				ORGANIZATIONNAME = "jack-wang";
				TargetAttributes = {
					3B46DFEE210EB76600DA4023 = {
						CreatedOnToolsVersion = 9.4.1;
					};
				};
			};
			buildConfigurationList = 3B46DFEA210EB76600DA4023 /* Build configuration list for PBXProject "WeChatPraise" */;
			compatibilityVersion = "Xcode 9.3";
			developmentRegion = en;
			hasScannedForEncodings = 0;
			knownRegions = (
				en,
				Base,
			);
			mainGroup = 3B46DFE6210EB76600DA4023;
			productRefGroup = 3B46DFF0210EB76600DA4023 /* Products */;
			projectDirPath = "";
			projectRoot = "";
			targets = (
				3B46DFEE210EB76600DA4023 /* WeChatPraise */,
			);
		};
/* End PBXProject section */

/* Begin PBXResourcesBuildPhase section */
		3B46DFED210EB76600DA4023 /* Resources */ = {
			isa = PBXResourcesBuildPhase;
			buildActionMask = 2147483647;
			files = (
				3BBBB57421142FA80088AB10 /* JKFriendHeaderView.xib in Resources */,
				3BF4B60E2112B3F1006ADFF3 /* JKBookTableViewCell.xib in Resources */,
				3BBBB57C211447460088AB10 /* JKFriendsTableViewCell.xib in Resources */,
				3BCA3A8321117F6D00ABA286 /* homeData.plist in Resources */,
				3BCA3A8821118E1700ABA286 /* JKHomeTableViewCell.xib in Resources */,
				3B46DFFA210EB76C00DA4023 /* Assets.xcassets in Resources */,
				3BBBB56B211423E90088AB10 /* friendData.plist in Resources */,
				3BBBB578211436AA0088AB10 /* JKNavigationView.xib in Resources */,
				3B0A6EBF210EF3D600AC357C /* JKUserSetViewController.xib in Resources */,
				3BF4B6202112F346006ADFF3 /* JKMeHeaderTableViewCell.xib in Resources */,
			);
			runOnlyForDeploymentPostprocessing = 0;
		};
/* End PBXResourcesBuildPhase section */

/* Begin PBXShellScriptBuildPhase section */
		246FE4150D010776B2E95F33 /* [CP] Check Pods Manifest.lock */ = {
			isa = PBXShellScriptBuildPhase;
			buildActionMask = 2147483647;
			files = (
			);
			inputPaths = (
				"${PODS_PODFILE_DIR_PATH}/Podfile.lock",
				"${PODS_ROOT}/Manifest.lock",
			);
			name = "[CP] Check Pods Manifest.lock";
			outputPaths = (
				"$(DERIVED_FILE_DIR)/Pods-WeChatPraise-checkManifestLockResult.txt",
			);
			runOnlyForDeploymentPostprocessing = 0;
			shellPath = /bin/sh;
			shellScript = "diff \"${PODS_PODFILE_DIR_PATH}/Podfile.lock\" \"${PODS_ROOT}/Manifest.lock\" > /dev/null\nif [ $? != 0 ] ; then\n    # print error to STDERR\n    echo \"error: The sandbox is not in sync with the Podfile.lock. Run 'pod install' or update your CocoaPods installation.\" >&2\n    exit 1\nfi\n# This output is used by Xcode 'outputs' to avoid re-running this script phase.\necho \"SUCCESS\" > \"${SCRIPT_OUTPUT_FILE_0}\"\n";
			showEnvVarsInLog = 0;
		};
		F016897416D9E5A674594247 /* [CP] Embed Pods Frameworks */ = {
			isa = PBXShellScriptBuildPhase;
			buildActionMask = 2147483647;
			files = (
			);
			inputPaths = (
				"${SRCROOT}/Pods/Target Support Files/Pods-WeChatPraise/Pods-WeChatPraise-frameworks.sh",
				"${BUILT_PRODUCTS_DIR}/IQKeyboardManager/IQKeyboardManager.framework",
				"${BUILT_PRODUCTS_DIR}/MBProgressHUD/MBProgressHUD.framework",
				"${BUILT_PRODUCTS_DIR}/MJRefresh/MJRefresh.framework",
				"${BUILT_PRODUCTS_DIR}/ObjectMapper/ObjectMapper.framework",
				"${BUILT_PRODUCTS_DIR}/RxCocoa/RxCocoa.framework",
				"${BUILT_PRODUCTS_DIR}/RxSwift/RxSwift.framework",
				"${BUILT_PRODUCTS_DIR}/SDCycleScrollView/SDCycleScrollView.framework",
				"${BUILT_PRODUCTS_DIR}/SDWebImage/SDWebImage.framework",
				"${BUILT_PRODUCTS_DIR}/SnapKit/SnapKit.framework",
				"${BUILT_PRODUCTS_DIR}/Toast/Toast.framework",
			);
			name = "[CP] Embed Pods Frameworks";
			outputPaths = (
				"${TARGET_BUILD_DIR}/${FRAMEWORKS_FOLDER_PATH}/IQKeyboardManager.framework",
				"${TARGET_BUILD_DIR}/${FRAMEWORKS_FOLDER_PATH}/MBProgressHUD.framework",
				"${TARGET_BUILD_DIR}/${FRAMEWORKS_FOLDER_PATH}/MJRefresh.framework",
				"${TARGET_BUILD_DIR}/${FRAMEWORKS_FOLDER_PATH}/ObjectMapper.framework",
				"${TARGET_BUILD_DIR}/${FRAMEWORKS_FOLDER_PATH}/RxCocoa.framework",
				"${TARGET_BUILD_DIR}/${FRAMEWORKS_FOLDER_PATH}/RxSwift.framework",
				"${TARGET_BUILD_DIR}/${FRAMEWORKS_FOLDER_PATH}/SDCycleScrollView.framework",
				"${TARGET_BUILD_DIR}/${FRAMEWORKS_FOLDER_PATH}/SDWebImage.framework",
				"${TARGET_BUILD_DIR}/${FRAMEWORKS_FOLDER_PATH}/SnapKit.framework",
				"${TARGET_BUILD_DIR}/${FRAMEWORKS_FOLDER_PATH}/Toast.framework",
			);
			runOnlyForDeploymentPostprocessing = 0;
			shellPath = /bin/sh;
			shellScript = "\"${SRCROOT}/Pods/Target Support Files/Pods-WeChatPraise/Pods-WeChatPraise-frameworks.sh\"\n";
			showEnvVarsInLog = 0;
		};
/* End PBXShellScriptBuildPhase section */

/* Begin PBXSourcesBuildPhase section */
		3B46DFEB210EB76600DA4023 /* Sources */ = {
			isa = PBXSourcesBuildPhase;
			buildActionMask = 2147483647;
			files = (
				3BCA3A8A2111A74600ABA286 /* JKBooKViewController.swift in Sources */,
				3BBBB5762114369B0088AB10 /* JKNavigationView.swift in Sources */,
				3BF4B6132112D407006ADFF3 /* JKMeViewController.swift in Sources */,
				3BCA3A7B2111477300ABA286 /* JKHomeViewController.swift in Sources */,
				3BBBB57221142F940088AB10 /* JKFriendHeaderView.swift in Sources */,
				3BBBB57F211447780088AB10 /* JKFriendsListMode.swift in Sources */,
				3BBBB582211447970088AB10 /* JKFriendsViewMode.swift in Sources */,
				3BB571082110663900415350 /* JKUserInfo.swift in Sources */,
				3B46DFF3210EB76600DA4023 /* AppDelegate.swift in Sources */,
				3B0A6EC2210F009600AC357C /* swift-pch.swift in Sources */,
				3BF4B6172112D420006ADFF3 /* JKFoundViewController.swift in Sources */,
				3B0A6EC5210F049200AC357C /* JKNavigationViewController.swift in Sources */,
				3BBBB57B211447460088AB10 /* JKFriendsTableViewCell.swift in Sources */,
				3B0A6EBE210EF3D600AC357C /* JKUserSetViewController.swift in Sources */,
				3BBBB56921140AE10088AB10 /* JKFriendsTableViewController.swift in Sources */,
				3BF4B60D2112B3F1006ADFF3 /* JKBookTableViewCell.swift in Sources */,
				3BCA3A8721118E1700ABA286 /* JKHomeTableViewCell.swift in Sources */,
				3BF4B61F2112F346006ADFF3 /* JKMeHeaderTableViewCell.swift in Sources */,
			);
			runOnlyForDeploymentPostprocessing = 0;
		};
/* End PBXSourcesBuildPhase section */

/* Begin XCBuildConfiguration section */
		3B46DFFF210EB76C00DA4023 /* Debug */ = {
			isa = XCBuildConfiguration;
			buildSettings = {
				ALWAYS_SEARCH_USER_PATHS = NO;
				CLANG_ANALYZER_NONNULL = YES;
				CLANG_ANALYZER_NUMBER_OBJECT_CONVERSION = YES_AGGRESSIVE;
				CLANG_CXX_LANGUAGE_STANDARD = "gnu++14";
				CLANG_CXX_LIBRARY = "libc++";
				CLANG_ENABLE_MODULES = YES;
				CLANG_ENABLE_OBJC_ARC = YES;
				CLANG_ENABLE_OBJC_WEAK = YES;
				CLANG_WARN_BLOCK_CAPTURE_AUTORELEASING = YES;
				CLANG_WARN_BOOL_CONVERSION = YES;
				CLANG_WARN_COMMA = YES;
				CLANG_WARN_CONSTANT_CONVERSION = YES;
				CLANG_WARN_DEPRECATED_OBJC_IMPLEMENTATIONS = YES;
				CLANG_WARN_DIRECT_OBJC_ISA_USAGE = YES_ERROR;
				CLANG_WARN_DOCUMENTATION_COMMENTS = YES;
				CLANG_WARN_EMPTY_BODY = YES;
				CLANG_WARN_ENUM_CONVERSION = YES;
				CLANG_WARN_INFINITE_RECURSION = YES;
				CLANG_WARN_INT_CONVERSION = YES;
				CLANG_WARN_NON_LITERAL_NULL_CONVERSION = YES;
				CLANG_WARN_OBJC_IMPLICIT_RETAIN_SELF = YES;
				CLANG_WARN_OBJC_LITERAL_CONVERSION = YES;
				CLANG_WARN_OBJC_ROOT_CLASS = YES_ERROR;
				CLANG_WARN_RANGE_LOOP_ANALYSIS = YES;
				CLANG_WARN_STRICT_PROTOTYPES = YES;
				CLANG_WARN_SUSPICIOUS_MOVE = YES;
				CLANG_WARN_UNGUARDED_AVAILABILITY = YES_AGGRESSIVE;
				CLANG_WARN_UNREACHABLE_CODE = YES;
				CLANG_WARN__DUPLICATE_METHOD_MATCH = YES;
				CODE_SIGN_IDENTITY = "iPhone Developer";
				COPY_PHASE_STRIP = NO;
				DEBUG_INFORMATION_FORMAT = dwarf;
				ENABLE_STRICT_OBJC_MSGSEND = YES;
				ENABLE_TESTABILITY = YES;
				GCC_C_LANGUAGE_STANDARD = gnu11;
				GCC_DYNAMIC_NO_PIC = NO;
				GCC_NO_COMMON_BLOCKS = YES;
				GCC_OPTIMIZATION_LEVEL = 0;
				GCC_PREPROCESSOR_DEFINITIONS = (
					"DEBUG=1",
					"$(inherited)",
				);
				GCC_WARN_64_TO_32_BIT_CONVERSION = YES;
				GCC_WARN_ABOUT_RETURN_TYPE = YES_ERROR;
				GCC_WARN_UNDECLARED_SELECTOR = YES;
				GCC_WARN_UNINITIALIZED_AUTOS = YES_AGGRESSIVE;
				GCC_WARN_UNUSED_FUNCTION = YES;
				GCC_WARN_UNUSED_VARIABLE = YES;
				IPHONEOS_DEPLOYMENT_TARGET = 11.4;
				MTL_ENABLE_DEBUG_INFO = YES;
				ONLY_ACTIVE_ARCH = YES;
				SDKROOT = iphoneos;
				SWIFT_ACTIVE_COMPILATION_CONDITIONS = DEBUG;
				SWIFT_OPTIMIZATION_LEVEL = "-Onone";
			};
			name = Debug;
		};
		3B46E000210EB76C00DA4023 /* Release */ = {
			isa = XCBuildConfiguration;
			buildSettings = {
				ALWAYS_SEARCH_USER_PATHS = NO;
				CLANG_ANALYZER_NONNULL = YES;
				CLANG_ANALYZER_NUMBER_OBJECT_CONVERSION = YES_AGGRESSIVE;
				CLANG_CXX_LANGUAGE_STANDARD = "gnu++14";
				CLANG_CXX_LIBRARY = "libc++";
				CLANG_ENABLE_MODULES = YES;
				CLANG_ENABLE_OBJC_ARC = YES;
				CLANG_ENABLE_OBJC_WEAK = YES;
				CLANG_WARN_BLOCK_CAPTURE_AUTORELEASING = YES;
				CLANG_WARN_BOOL_CONVERSION = YES;
				CLANG_WARN_COMMA = YES;
				CLANG_WARN_CONSTANT_CONVERSION = YES;
				CLANG_WARN_DEPRECATED_OBJC_IMPLEMENTATIONS = YES;
				CLANG_WARN_DIRECT_OBJC_ISA_USAGE = YES_ERROR;
				CLANG_WARN_DOCUMENTATION_COMMENTS = YES;
				CLANG_WARN_EMPTY_BODY = YES;
				CLANG_WARN_ENUM_CONVERSION = YES;
				CLANG_WARN_INFINITE_RECURSION = YES;
				CLANG_WARN_INT_CONVERSION = YES;
				CLANG_WARN_NON_LITERAL_NULL_CONVERSION = YES;
				CLANG_WARN_OBJC_IMPLICIT_RETAIN_SELF = YES;
				CLANG_WARN_OBJC_LITERAL_CONVERSION = YES;
				CLANG_WARN_OBJC_ROOT_CLASS = YES_ERROR;
				CLANG_WARN_RANGE_LOOP_ANALYSIS = YES;
				CLANG_WARN_STRICT_PROTOTYPES = YES;
				CLANG_WARN_SUSPICIOUS_MOVE = YES;
				CLANG_WARN_UNGUARDED_AVAILABILITY = YES_AGGRESSIVE;
				CLANG_WARN_UNREACHABLE_CODE = YES;
				CLANG_WARN__DUPLICATE_METHOD_MATCH = YES;
				CODE_SIGN_IDENTITY = "iPhone Developer";
				COPY_PHASE_STRIP = NO;
				DEBUG_INFORMATION_FORMAT = "dwarf-with-dsym";
				ENABLE_NS_ASSERTIONS = NO;
				ENABLE_STRICT_OBJC_MSGSEND = YES;
				GCC_C_LANGUAGE_STANDARD = gnu11;
				GCC_NO_COMMON_BLOCKS = YES;
				GCC_WARN_64_TO_32_BIT_CONVERSION = YES;
				GCC_WARN_ABOUT_RETURN_TYPE = YES_ERROR;
				GCC_WARN_UNDECLARED_SELECTOR = YES;
				GCC_WARN_UNINITIALIZED_AUTOS = YES_AGGRESSIVE;
				GCC_WARN_UNUSED_FUNCTION = YES;
				GCC_WARN_UNUSED_VARIABLE = YES;
				IPHONEOS_DEPLOYMENT_TARGET = 11.4;
				MTL_ENABLE_DEBUG_INFO = NO;
				SDKROOT = iphoneos;
				SWIFT_COMPILATION_MODE = wholemodule;
				SWIFT_OPTIMIZATION_LEVEL = "-O";
				VALIDATE_PRODUCT = YES;
			};
			name = Release;
		};
		3B46E002210EB76C00DA4023 /* Debug */ = {
			isa = XCBuildConfiguration;
			baseConfigurationReference = D2278F0B7B7C7E749A9ACF16 /* Pods-WeChatPraise.debug.xcconfig */;
			buildSettings = {
				ASSETCATALOG_COMPILER_APPICON_NAME = AppIcon;
				ASSETCATALOG_COMPILER_LAUNCHIMAGE_NAME = LaunchImage;
				CODE_SIGN_STYLE = Automatic;
				DEVELOPMENT_TEAM = YC78659G27;
				GCC_PRECOMPILE_PREFIX_HEADER = NO;
				GCC_PREFIX_HEADER = "";
				INFOPLIST_FILE = WeChatPraise/Info.plist;
				IPHONEOS_DEPLOYMENT_TARGET = 8.0;
				LD_RUNPATH_SEARCH_PATHS = (
					"$(inherited)",
					"@executable_path/Frameworks",
				);
				PRODUCT_BUNDLE_IDENTIFIER = com.daqsoft.ios.add.WeChatPraise;
				PRODUCT_NAME = "$(TARGET_NAME)";
				SWIFT_VERSION = 4.0;
				TARGETED_DEVICE_FAMILY = 1;
			};
			name = Debug;
		};
		3B46E003210EB76C00DA4023 /* Release */ = {
			isa = XCBuildConfiguration;
			baseConfigurationReference = 6DA44D37E55AD759A86A4C96 /* Pods-WeChatPraise.release.xcconfig */;
			buildSettings = {
				ASSETCATALOG_COMPILER_APPICON_NAME = AppIcon;
				ASSETCATALOG_COMPILER_LAUNCHIMAGE_NAME = LaunchImage;
				CODE_SIGN_STYLE = Automatic;
				DEVELOPMENT_TEAM = YC78659G27;
				GCC_PRECOMPILE_PREFIX_HEADER = NO;
				GCC_PREFIX_HEADER = "";
				INFOPLIST_FILE = WeChatPraise/Info.plist;
				IPHONEOS_DEPLOYMENT_TARGET = 8.0;
				LD_RUNPATH_SEARCH_PATHS = (
					"$(inherited)",
					"@executable_path/Frameworks",
				);
				PRODUCT_BUNDLE_IDENTIFIER = com.daqsoft.ios.add.WeChatPraise;
				PRODUCT_NAME = "$(TARGET_NAME)";
				SWIFT_VERSION = 4.0;
				TARGETED_DEVICE_FAMILY = 1;
			};
			name = Release;
		};
/* End XCBuildConfiguration section */

/* Begin XCConfigurationList section */
		3B46DFEA210EB76600DA4023 /* Build configuration list for PBXProject "WeChatPraise" */ = {
			isa = XCConfigurationList;
			buildConfigurations = (
				3B46DFFF210EB76C00DA4023 /* Debug */,
				3B46E000210EB76C00DA4023 /* Release */,
			);
			defaultConfigurationIsVisible = 0;
			defaultConfigurationName = Release;
		};
		3B46E001210EB76C00DA4023 /* Build configuration list for PBXNativeTarget "WeChatPraise" */ = {
			isa = XCConfigurationList;
			buildConfigurations = (
				3B46E002210EB76C00DA4023 /* Debug */,
				3B46E003210EB76C00DA4023 /* Release */,
			);
			defaultConfigurationIsVisible = 0;
			defaultConfigurationName = Release;
		};
/* End XCConfigurationList section */
	};
	rootObject = 3B46DFE7210EB76600DA4023 /* Project object */;
}
